# This file is generated by running "yarn install" inside your project.
# Manual changes might be lost - proceed with caution!

__metadata:
  version: 8
  cacheKey: 10c0

"@oven/bun-darwin-aarch64@npm:1.0.18":
  version: 1.0.18
  resolution: "@oven/bun-darwin-aarch64@npm:1.0.18"
  conditions: os=darwin & cpu=arm64
  languageName: node
  linkType: hard

"@oven/bun-darwin-x64-baseline@npm:1.0.18":
  version: 1.0.18
  resolution: "@oven/bun-darwin-x64-baseline@npm:1.0.18"
  conditions: os=darwin & cpu=x64
  languageName: node
  linkType: hard

"@oven/bun-darwin-x64@npm:1.0.18":
  version: 1.0.18
  resolution: "@oven/bun-darwin-x64@npm:1.0.18"
  conditions: os=darwin & cpu=x64
  languageName: node
  linkType: hard

"@oven/bun-linux-aarch64@npm:1.0.18":
  version: 1.0.18
  resolution: "@oven/bun-linux-aarch64@npm:1.0.18"
  conditions: os=linux & cpu=arm64
  languageName: node
  linkType: hard

"@oven/bun-linux-x64-baseline@npm:1.0.18":
  version: 1.0.18
  resolution: "@oven/bun-linux-x64-baseline@npm:1.0.18"
  conditions: os=linux & cpu=x64
  languageName: node
  linkType: hard

"@oven/bun-linux-x64@npm:1.0.18":
  version: 1.0.18
  resolution: "@oven/bun-linux-x64@npm:1.0.18"
  conditions: os=linux & cpu=x64
  languageName: node
  linkType: hard

"@tsconfig/node20@npm:^20.1.2":
  version: 20.1.2
  resolution: "@tsconfig/node20@npm:20.1.2"
  checksum: e438fa9b93f0e6ea667affbbd3217692bf3f92db1b3dcbfba1dd141a7dbcd647c19ed87ce76871c723bed398759ec4a5590685f3e669b600c9371f143a19e0c1
  languageName: node
  linkType: hard

"@types/node@npm:^20.10.4":
  version: 20.10.4
  resolution: "@types/node@npm:20.10.4"
  dependencies:
    undici-types: "npm:~5.26.4"
  checksum: 2c8b70cba731eb2ae3ae046daa74903bfcbb0e7b9196da767e5895054f6d252296ae7a04fb1dbbcb53bb004c4c658c05eaea2731bc9e2dd9e08f7e88d672f563
  languageName: node
  linkType: hard

"UzAutoMotorsChecker@workspace:.":
  version: 0.0.0-use.local
  resolution: "UzAutoMotorsChecker@workspace:."
  dependencies:
    "@tsconfig/node20": "npm:^20.1.2"
    "@types/node": "npm:^20.10.4"
    bun: "npm:^1.0.18"
    typescript: "npm:^5.3.3"
  languageName: unknown
  linkType: soft

"bun@npm:^1.0.18":
  version: 1.0.18
  resolution: "bun@npm:1.0.18"
  dependencies:
    "@oven/bun-darwin-aarch64": "npm:1.0.18"
    "@oven/bun-darwin-x64": "npm:1.0.18"
    "@oven/bun-darwin-x64-baseline": "npm:1.0.18"
    "@oven/bun-linux-aarch64": "npm:1.0.18"
    "@oven/bun-linux-x64": "npm:1.0.18"
    "@oven/bun-linux-x64-baseline": "npm:1.0.18"
  dependenciesMeta:
    "@oven/bun-darwin-aarch64":
      optional: true
    "@oven/bun-darwin-x64":
      optional: true
    "@oven/bun-darwin-x64-baseline":
      optional: true
    "@oven/bun-linux-aarch64":
      optional: true
    "@oven/bun-linux-x64":
      optional: true
    "@oven/bun-linux-x64-baseline":
      optional: true
  bin:
    bun: bin/bun
    bunx: bin/bun
  checksum: 12d6d78bcbf44e2075f46663d98dfc02d98739c0f947608d2e6d28ee113a2910fb1d9b0dcb54e5980baf294a927c20979deb6429bd3d90d6719269201896d943
  conditions: (os=darwin | os=linux) & (cpu=arm64 | cpu=x64)
  languageName: node
  linkType: hard

"typescript@npm:^5.3.3":
  version: 5.3.3
  resolution: "typescript@npm:5.3.3"
  bin:
    tsc: bin/tsc
    tsserver: bin/tsserver
  checksum: e33cef99d82573624fc0f854a2980322714986bc35b9cb4d1ce736ed182aeab78e2cb32b385efa493b2a976ef52c53e20d6c6918312353a91850e2b76f1ea44f
  languageName: node
  linkType: hard

"typescript@patch:typescript@npm%3A^5.3.3#optional!builtin<compat/typescript>":
  version: 5.3.3
  resolution: "typescript@patch:typescript@npm%3A5.3.3#optional!builtin<compat/typescript>::version=5.3.3&hash=e012d7"
  bin:
    tsc: bin/tsc
    tsserver: bin/tsserver
  checksum: 1d0a5f4ce496c42caa9a30e659c467c5686eae15d54b027ee7866744952547f1be1262f2d40de911618c242b510029d51d43ff605dba8fb740ec85ca2d3f9500
  languageName: node
  linkType: hard

"undici-types@npm:~5.26.4":
  version: 5.26.5
  resolution: "undici-types@npm:5.26.5"
  checksum: bb673d7876c2d411b6eb6c560e0c571eef4a01c1c19925175d16e3a30c4c428181fb8d7ae802a261f283e4166a0ac435e2f505743aa9e45d893f9a3df017b501
  languageName: node
  linkType: hard
